
Microsoft Visual Studio Solution File, Format Version 12.00
# Visual Studio Version 16
VisualStudioVersion = 16.0.29519.181
MinimumVisualStudioVersion = 10.0.40219.1
Project("{FAE04EC0-301F-11D3-BF4B-00C04F79EFBC}") = "ConsoleApp1", "ConsoleApp1\ConsoleApp1.csproj", "{E95D624C-923B-4776-B417-5E9CC324A529}"
EndProject
Global
	GlobalSection(SolutionConfigurationPlatforms) = preSolution
		Debug|Any CPU = Debug|Any CPU
		Release|Any CPU = Release|Any CPU
	EndGlobalSection
	GlobalSection(ProjectConfigurationPlatforms) = postSolution
		{E95D624C-923B-4776-B417-5E9CC324A529}.Debug|Any CPU.ActiveCfg = Debug|Any CPU
		{E95D624C-923B-4776-B417-5E9CC324A529}.Debug|Any CPU.Build.0 = Debug|Any CPU
		{E95D624C-923B-4776-B417-5E9CC324A529}.Release|Any CPU.ActiveCfg = Release|Any CPU
		{E95D624C-923B-4776-B417-5E9CC324A529}.Release|Any CPU.Build.0 = Release|Any CPU
	EndGlobalSection
	GlobalSection(SolutionProperties) = preSolution
		HideSolutionNode = FALSE
	EndGlobalSection
	GlobalSection(ExtensibilityGlobals) = postSolution
		SolutionGuid = {EFF8D78F-56A6-4D18-A01E-1DA6CB306A90}
	EndGlobalSection
EndGlobal
